
Microsoft Visual Studio Solution File, Format Version 12.00
# Visual Studio Version 16
VisualStudioVersion = 16.0.29123.89
MinimumVisualStudioVersion = 10.0.40219.1
Project("{9A19103F-16F7-4668-BE54-9A1E7A4F7556}") = "Blazor.PWA.MSBuild.Tasks", "Blazor.PWA.MSBuild.Tasks\Blazor.PWA.MSBuild.Tasks.csproj", "{27D84A0F-8F21-4E52-9318-E4403A87E11E}"
EndProject
Project("{2150E333-8FDC-42A3-9474-1A3956D46DE8}") = "Solution Items", "Solution Items", "{BCE600C8-35D7-4AA4-9FFB-156E4526097E}"
	ProjectSection(SolutionItems) = preProject
		CHANGELOG.md = CHANGELOG.md
		LICENSE.txt = LICENSE.txt
		README - nuget.md = README - nuget.md
		README.md = README.md
	EndProjectSection
EndProject
Global
	GlobalSection(SolutionConfigurationPlatforms) = preSolution
		Debug|Any CPU = Debug|Any CPU
		Release|Any CPU = Release|Any CPU
	EndGlobalSection
	GlobalSection(ProjectConfigurationPlatforms) = postSolution
		{27D84A0F-8F21-4E52-9318-E4403A87E11E}.Debug|Any CPU.ActiveCfg = Debug|Any CPU
		{27D84A0F-8F21-4E52-9318-E4403A87E11E}.Debug|Any CPU.Build.0 = Debug|Any CPU
		{27D84A0F-8F21-4E52-9318-E4403A87E11E}.Release|Any CPU.ActiveCfg = Release|Any CPU
		{27D84A0F-8F21-4E52-9318-E4403A87E11E}.Release|Any CPU.Build.0 = Release|Any CPU
	EndGlobalSection
	GlobalSection(SolutionProperties) = preSolution
		HideSolutionNode = FALSE
	EndGlobalSection
	GlobalSection(ExtensibilityGlobals) = postSolution
		SolutionGuid = {8F44D916-3E04-4715-82E5-7B961362548D}
	EndGlobalSection
EndGlobal
